
Microsoft Visual Studio Solution File, Format Version 12.00
# Visual Studio Version 17
VisualStudioVersion = 17.6.33829.357
MinimumVisualStudioVersion = 10.0.40219.1
Project("{FAE04EC0-301F-11D3-BF4B-00C04F79EFBC}") = "WindowsFormsApp_DZ3", "WindowsFormsApp_DZ3.csproj", "{765D75AD-4676-4748-AF7A-5633A32BD906}"
EndProject
Global
	GlobalSection(SolutionConfigurationPlatforms) = preSolution
		Debug|Any CPU = Debug|Any CPU
		Release|Any CPU = Release|Any CPU
	EndGlobalSection
	GlobalSection(ProjectConfigurationPlatforms) = postSolution
		{765D75AD-4676-4748-AF7A-5633A32BD906}.Debug|Any CPU.ActiveCfg = Debug|Any CPU
		{765D75AD-4676-4748-AF7A-5633A32BD906}.Debug|Any CPU.Build.0 = Debug|Any CPU
		{765D75AD-4676-4748-AF7A-5633A32BD906}.Release|Any CPU.ActiveCfg = Release|Any CPU
		{765D75AD-4676-4748-AF7A-5633A32BD906}.Release|Any CPU.Build.0 = Release|Any CPU
	EndGlobalSection
	GlobalSection(SolutionProperties) = preSolution
		HideSolutionNode = FALSE
	EndGlobalSection
	GlobalSection(ExtensibilityGlobals) = postSolution
		SolutionGuid = {3DB34A06-84E5-4A2D-A6C9-138638591984}
	EndGlobalSection
EndGlobal
