
Microsoft Visual Studio Solution File, Format Version 12.00
# Visual Studio Version 17
VisualStudioVersion = 17.6.33829.357
MinimumVisualStudioVersion = 10.0.40219.1
Project("{9A19103F-16F7-4668-BE54-9A1E7A4F7556}") = "ConsoleApplication_Task2.2", "ConsoleApplication_Task2.2.csproj", "{3B779AD9-D172-48A6-A258-F1B601FB6EBA}"
EndProject
Project("{9A19103F-16F7-4668-BE54-9A1E7A4F7556}") = "ConsoleApplication_Task3", "..\ConsoleApplication_Task3\ConsoleApplication_Task3.csproj", "{4532853F-DA52-43DF-8BBA-AB3546F367B0}"
EndProject
Project("{9A19103F-16F7-4668-BE54-9A1E7A4F7556}") = "ConsoleApp_Task4_AbstractClass", "..\ConsoleApplication_Task4\ConsoleApp_Task4_AbstractClass.csproj", "{468D15DE-FD5C-4E4D-AA55-7F4C7069DEF9}"
EndProject
Project("{9A19103F-16F7-4668-BE54-9A1E7A4F7556}") = "ConsoleApp_Task4_Interface", "..\ConsoleApp_Task4_Interface\ConsoleApp_Task4_Interface.csproj", "{79CB2C4B-754B-457D-A008-7A1669DAF22C}"
EndProject
Global
	GlobalSection(SolutionConfigurationPlatforms) = preSolution
		Debug|Any CPU = Debug|Any CPU
		Release|Any CPU = Release|Any CPU
	EndGlobalSection
	GlobalSection(ProjectConfigurationPlatforms) = postSolution
		{3B779AD9-D172-48A6-A258-F1B601FB6EBA}.Debug|Any CPU.ActiveCfg = Debug|Any CPU
		{3B779AD9-D172-48A6-A258-F1B601FB6EBA}.Debug|Any CPU.Build.0 = Debug|Any CPU
		{3B779AD9-D172-48A6-A258-F1B601FB6EBA}.Release|Any CPU.ActiveCfg = Release|Any CPU
		{3B779AD9-D172-48A6-A258-F1B601FB6EBA}.Release|Any CPU.Build.0 = Release|Any CPU
		{4532853F-DA52-43DF-8BBA-AB3546F367B0}.Debug|Any CPU.ActiveCfg = Debug|Any CPU
		{4532853F-DA52-43DF-8BBA-AB3546F367B0}.Debug|Any CPU.Build.0 = Debug|Any CPU
		{4532853F-DA52-43DF-8BBA-AB3546F367B0}.Release|Any CPU.ActiveCfg = Release|Any CPU
		{4532853F-DA52-43DF-8BBA-AB3546F367B0}.Release|Any CPU.Build.0 = Release|Any CPU
		{468D15DE-FD5C-4E4D-AA55-7F4C7069DEF9}.Debug|Any CPU.ActiveCfg = Debug|Any CPU
		{468D15DE-FD5C-4E4D-AA55-7F4C7069DEF9}.Debug|Any CPU.Build.0 = Debug|Any CPU
		{468D15DE-FD5C-4E4D-AA55-7F4C7069DEF9}.Release|Any CPU.ActiveCfg = Release|Any CPU
		{468D15DE-FD5C-4E4D-AA55-7F4C7069DEF9}.Release|Any CPU.Build.0 = Release|Any CPU
		{79CB2C4B-754B-457D-A008-7A1669DAF22C}.Debug|Any CPU.ActiveCfg = Debug|Any CPU
		{79CB2C4B-754B-457D-A008-7A1669DAF22C}.Debug|Any CPU.Build.0 = Debug|Any CPU
		{79CB2C4B-754B-457D-A008-7A1669DAF22C}.Release|Any CPU.ActiveCfg = Release|Any CPU
		{79CB2C4B-754B-457D-A008-7A1669DAF22C}.Release|Any CPU.Build.0 = Release|Any CPU
	EndGlobalSection
	GlobalSection(SolutionProperties) = preSolution
		HideSolutionNode = FALSE
	EndGlobalSection
	GlobalSection(ExtensibilityGlobals) = postSolution
		SolutionGuid = {D0D36BE6-61CE-4EEE-8CF0-8AE48DCDCFF6}
	EndGlobalSection
EndGlobal
