
Microsoft Visual Studio Solution File, Format Version 12.00
# Visual Studio Version 17
VisualStudioVersion = 17.6.33829.357
MinimumVisualStudioVersion = 10.0.40219.1
Project("{FAE04EC0-301F-11D3-BF4B-00C04F79EFBC}") = "ConsoleApplication_Task2.2", "ConsoleApplication_Task2.2.csproj", "{3B779AD9-D172-48A6-A258-F1B601FB6EBA}"
EndProject
Global
	GlobalSection(SolutionConfigurationPlatforms) = preSolution
		Debug|Any CPU = Debug|Any CPU
		Release|Any CPU = Release|Any CPU
	EndGlobalSection
	GlobalSection(ProjectConfigurationPlatforms) = postSolution
		{3B779AD9-D172-48A6-A258-F1B601FB6EBA}.Debug|Any CPU.ActiveCfg = Debug|Any CPU
		{3B779AD9-D172-48A6-A258-F1B601FB6EBA}.Debug|Any CPU.Build.0 = Debug|Any CPU
		{3B779AD9-D172-48A6-A258-F1B601FB6EBA}.Release|Any CPU.ActiveCfg = Release|Any CPU
		{3B779AD9-D172-48A6-A258-F1B601FB6EBA}.Release|Any CPU.Build.0 = Release|Any CPU
	EndGlobalSection
	GlobalSection(SolutionProperties) = preSolution
		HideSolutionNode = FALSE
	EndGlobalSection
	GlobalSection(ExtensibilityGlobals) = postSolution
		SolutionGuid = {D0D36BE6-61CE-4EEE-8CF0-8AE48DCDCFF6}
	EndGlobalSection
EndGlobal
